
Microsoft Visual Studio Solution File, Format Version 12.00
# Visual Studio 15
VisualStudioVersion = 15.0.28010.2046
MinimumVisualStudioVersion = 10.0.40219.1
Project("{9A19103F-16F7-4668-BE54-9A1E7A4F7556}") = "Hiburan", "Hiburan\Hiburan.csproj", "{6E4E0F5B-0781-4F6F-B70F-2444D188CD2B}"
EndProject
Global
	GlobalSection(SolutionConfigurationPlatforms) = preSolution
		Debug|Any CPU = Debug|Any CPU
		Release|Any CPU = Release|Any CPU
	EndGlobalSection
	GlobalSection(ProjectConfigurationPlatforms) = postSolution
		{6E4E0F5B-0781-4F6F-B70F-2444D188CD2B}.Debug|Any CPU.ActiveCfg = Debug|Any CPU
		{6E4E0F5B-0781-4F6F-B70F-2444D188CD2B}.Debug|Any CPU.Build.0 = Debug|Any CPU
		{6E4E0F5B-0781-4F6F-B70F-2444D188CD2B}.Release|Any CPU.ActiveCfg = Release|Any CPU
		{6E4E0F5B-0781-4F6F-B70F-2444D188CD2B}.Release|Any CPU.Build.0 = Release|Any CPU
	EndGlobalSection
	GlobalSection(SolutionProperties) = preSolution
		HideSolutionNode = FALSE
	EndGlobalSection
	GlobalSection(ExtensibilityGlobals) = postSolution
		SolutionGuid = {2E24238E-62A3-42A6-9623-F54C33BA8B61}
	EndGlobalSection
EndGlobal
